
Microsoft Visual Studio Solution File, Format Version 12.00
# Visual Studio Version 16
VisualStudioVersion = 16.0.31019.35
MinimumVisualStudioVersion = 10.0.40219.1
Project("{FAE04EC0-301F-11D3-BF4B-00C04F79EFBC}") = "SM3DW-Level-Porter", "SM3DW-Level-Porter\SM3DW-Level-Porter.csproj", "{10E94DD9-6DE1-4612-8668-4C0F5FC39943}"
EndProject
Global
	GlobalSection(SolutionConfigurationPlatforms) = preSolution
		Debug|Any CPU = Debug|Any CPU
		Release|Any CPU = Release|Any CPU
	EndGlobalSection
	GlobalSection(ProjectConfigurationPlatforms) = postSolution
		{10E94DD9-6DE1-4612-8668-4C0F5FC39943}.Debug|Any CPU.ActiveCfg = Debug|Any CPU
		{10E94DD9-6DE1-4612-8668-4C0F5FC39943}.Debug|Any CPU.Build.0 = Debug|Any CPU
		{10E94DD9-6DE1-4612-8668-4C0F5FC39943}.Release|Any CPU.ActiveCfg = Release|Any CPU
		{10E94DD9-6DE1-4612-8668-4C0F5FC39943}.Release|Any CPU.Build.0 = Release|Any CPU
	EndGlobalSection
	GlobalSection(SolutionProperties) = preSolution
		HideSolutionNode = FALSE
	EndGlobalSection
	GlobalSection(ExtensibilityGlobals) = postSolution
		SolutionGuid = {174D1BD2-0502-4484-965C-1BCADD63BF52}
	EndGlobalSection
EndGlobal
